// !$*UTF8*$!
{
	archiveVersion = 1;
	classes = {
	};
	objectVersion = 46;
	objects = {

/* Begin PBXBuildFile section */
		468971E1EC9DA53FE2FFBB70 /* Pods_LoginPage.framework in Frameworks */ = {isa = PBXBuildFile; fileRef = 33670244DC89FCC07B6DBA53 /* Pods_LoginPage.framework */; };
		D445E13C1EDBE8F1008BC942 /* AppDelegate.swift in Sources */ = {isa = PBXBuildFile; fileRef = D445E13B1EDBE8F1008BC942 /* AppDelegate.swift */; };
		D445E13E1EDBE8F1008BC942 /* ViewController.swift in Sources */ = {isa = PBXBuildFile; fileRef = D445E13D1EDBE8F1008BC942 /* ViewController.swift */; };
		D445E1411EDBE8F1008BC942 /* Main.storyboard in Resources */ = {isa = PBXBuildFile; fileRef = D445E13F1EDBE8F1008BC942 /* Main.storyboard */; };
		D445E1431EDBE8F1008BC942 /* Assets.xcassets in Resources */ = {isa = PBXBuildFile; fileRef = D445E1421EDBE8F1008BC942 /* Assets.xcassets */; };
		D445E1461EDBE8F1008BC942 /* LaunchScreen.storyboard in Resources */ = {isa = PBXBuildFile; fileRef = D445E1441EDBE8F1008BC942 /* LaunchScreen.storyboard */; };
/* End PBXBuildFile section */

/* Begin PBXFileReference section */
		33670244DC89FCC07B6DBA53 /* Pods_LoginPage.framework */ = {isa = PBXFileReference; explicitFileType = wrapper.framework; includeInIndex = 0; path = Pods_LoginPage.framework; sourceTree = BUILT_PRODUCTS_DIR; };
		6FE6F8D3D71D7983683A8C20 /* Pods-LoginPage.release.xcconfig */ = {isa = PBXFileReference; includeInIndex = 1; lastKnownFileType = text.xcconfig; name = "Pods-LoginPage.release.xcconfig"; path = "Pods/Target Support Files/Pods-LoginPage/Pods-LoginPage.release.xcconfig"; sourceTree = "<group>"; };
		947CDDA7F707DF84B6DB4874 /* Pods-LoginPage.debug.xcconfig */ = {isa = PBXFileReference; includeInIndex = 1; lastKnownFileType = text.xcconfig; name = "Pods-LoginPage.debug.xcconfig"; path = "Pods/Target Support Files/Pods-LoginPage/Pods-LoginPage.debug.xcconfig"; sourceTree = "<group>"; };
		D445E1381EDBE8F1008BC942 /* LoginPage.app */ = {isa = PBXFileReference; explicitFileType = wrapper.application; includeInIndex = 0; path = LoginPage.app; sourceTree = BUILT_PRODUCTS_DIR; };
		D445E13B1EDBE8F1008BC942 /* AppDelegate.swift */ = {isa = PBXFileReference; lastKnownFileType = sourcecode.swift; path = AppDelegate.swift; sourceTree = "<group>"; };
		D445E13D1EDBE8F1008BC942 /* ViewController.swift */ = {isa = PBXFileReference; lastKnownFileType = sourcecode.swift; path = ViewController.swift; sourceTree = "<group>"; };
		D445E1401EDBE8F1008BC942 /* Base */ = {isa = PBXFileReference; lastKnownFileType = file.storyboard; name = Base; path = Base.lproj/Main.storyboard; sourceTree = "<group>"; };
		D445E1421EDBE8F1008BC942 /* Assets.xcassets */ = {isa = PBXFileReference; lastKnownFileType = folder.assetcatalog; path = Assets.xcassets; sourceTree = "<group>"; };
		D445E1451EDBE8F1008BC942 /* Base */ = {isa = PBXFileReference; lastKnownFileType = file.storyboard; name = Base; path = Base.lproj/LaunchScreen.storyboard; sourceTree = "<group>"; };
		D445E1471EDBE8F1008BC942 /* Info.plist */ = {isa = PBXFileReference; lastKnownFileType = text.plist.xml; path = Info.plist; sourceTree = "<group>"; };
/* End PBXFileReference section */

/* Begin PBXFrameworksBuildPhase section */
		D445E1351EDBE8F1008BC942 /* Frameworks */ = {
			isa = PBXFrameworksBuildPhase;
			buildActionMask = 2147483647;
			files = (
				468971E1EC9DA53FE2FFBB70 /* Pods_LoginPage.framework in Frameworks */,
			);
			runOnlyForDeploymentPostprocessing = 0;
		};
/* End PBXFrameworksBuildPhase section */

/* Begin PBXGroup section */
		565954419FD78D83BD4FC4F8 /* Frameworks */ = {
			isa = PBXGroup;
			children = (
				33670244DC89FCC07B6DBA53 /* Pods_LoginPage.framework */,
			);
			name = Frameworks;
			sourceTree = "<group>";
		};
		62F0F4CA5C1A3DAEDDEAAFB4 /* Pods */ = {
			isa = PBXGroup;
			children = (
				947CDDA7F707DF84B6DB4874 /* Pods-LoginPage.debug.xcconfig */,
				6FE6F8D3D71D7983683A8C20 /* Pods-LoginPage.release.xcconfig */,
			);
			name = Pods;
			sourceTree = "<group>";
		};
		D445E12F1EDBE8F1008BC942 = {
			isa = PBXGroup;
			children = (
				D445E13A1EDBE8F1008BC942 /* LoginPage */,
				D445E1391EDBE8F1008BC942 /* Products */,
				62F0F4CA5C1A3DAEDDEAAFB4 /* Pods */,
				565954419FD78D83BD4FC4F8 /* Frameworks */,
			);
			sourceTree = "<group>";
		};
		D445E1391EDBE8F1008BC942 /* Products */ = {
			isa = PBXGroup;
			children = (
				D445E1381EDBE8F1008BC942 /* LoginPage.app */,
			);
			name = Products;
			sourceTree = "<group>";
		};
		D445E13A1EDBE8F1008BC942 /* LoginPage */ = {
			isa = PBXGroup;
			children = (
				D445E13B1EDBE8F1008BC942 /* AppDelegate.swift */,
				D445E13D1EDBE8F1008BC942 /* ViewController.swift */,
				D445E13F1EDBE8F1008BC942 /* Main.storyboard */,
				D445E1421EDBE8F1008BC942 /* Assets.xcassets */,
				D445E1441EDBE8F1008BC942 /* LaunchScreen.storyboard */,
				D445E1471EDBE8F1008BC942 /* Info.plist */,
			);
			path = LoginPage;
			sourceTree = "<group>";
		};
/* End PBXGroup section */

/* Begin PBXNativeTarget section */
		D445E1371EDBE8F1008BC942 /* LoginPage */ = {
			isa = PBXNativeTarget;
			buildConfigurationList = D445E14A1EDBE8F1008BC942 /* Build configuration list for PBXNativeTarget "LoginPage" */;
			buildPhases = (
				D4BAC73443EFB899D030CBA1 /* [CP] Check Pods Manifest.lock */,
				D445E1341EDBE8F1008BC942 /* Sources */,
				D445E1351EDBE8F1008BC942 /* Frameworks */,
				D445E1361EDBE8F1008BC942 /* Resources */,
				A627EBDD5464639C0F3623F4 /* [CP] Embed Pods Frameworks */,
				6D3EE3C523689E29AF7ADC6C /* [CP] Copy Pods Resources */,
			);
			buildRules = (
			);
			dependencies = (
			);
			name = LoginPage;
			productName = LoginPage;
			productReference = D445E1381EDBE8F1008BC942 /* LoginPage.app */;
			productType = "com.apple.product-type.application";
		};
/* End PBXNativeTarget section */

/* Begin PBXProject section */
		D445E1301EDBE8F1008BC942 /* Project object */ = {
			isa = PBXProject;
			attributes = {
				LastSwiftUpdateCheck = 0830;
				LastUpgradeCheck = 0830;
				ORGANIZATIONNAME = "Pixabit Infotech";
				TargetAttributes = {
					D445E1371EDBE8F1008BC942 = {
						CreatedOnToolsVersion = 8.3.2;
						DevelopmentTeam = 4MYHUYPTLJ;
						ProvisioningStyle = Automatic;
					};
				};
			};
			buildConfigurationList = D445E1331EDBE8F1008BC942 /* Build configuration list for PBXProject "LoginPage" */;
			compatibilityVersion = "Xcode 3.2";
			developmentRegion = English;
			hasScannedForEncodings = 0;
			knownRegions = (
				en,
				Base,
			);
			mainGroup = D445E12F1EDBE8F1008BC942;
			productRefGroup = D445E1391EDBE8F1008BC942 /* Products */;
			projectDirPath = "";
			projectRoot = "";
			targets = (
				D445E1371EDBE8F1008BC942 /* LoginPage */,
			);
		};
/* End PBXProject section */

/* Begin PBXResourcesBuildPhase section */
		D445E1361EDBE8F1008BC942 /* Resources */ = {
			isa = PBXResourcesBuildPhase;
			buildActionMask = 2147483647;
			files = (
				D445E1461EDBE8F1008BC942 /* LaunchScreen.storyboard in Resources */,
				D445E1431EDBE8F1008BC942 /* Assets.xcassets in Resources */,
				D445E1411EDBE8F1008BC942 /* Main.storyboard in Resources */,
			);
			runOnlyForDeploymentPostprocessing = 0;
		};
/* End PBXResourcesBuildPhase section */

/* Begin PBXShellScriptBuildPhase section */
		6D3EE3C523689E29AF7ADC6C /* [CP] Copy Pods Resources */ = {
			isa = PBXShellScriptBuildPhase;
			buildActionMask = 2147483647;
			files = (
			);
			inputPaths = (
			);
			name = "[CP] Copy Pods Resources";
			outputPaths = (
			);
			runOnlyForDeploymentPostprocessing = 0;
			shellPath = /bin/sh;
			shellScript = "\"${SRCROOT}/Pods/Target Support Files/Pods-LoginPage/Pods-LoginPage-resources.sh\"\n";
			showEnvVarsInLog = 0;
		};
		A627EBDD5464639C0F3623F4 /* [CP] Embed Pods Frameworks */ = {
			isa = PBXShellScriptBuildPhase;
			buildActionMask = 2147483647;
			files = (
			);
			inputPaths = (
			);
			name = "[CP] Embed Pods Frameworks";
			outputPaths = (
			);
			runOnlyForDeploymentPostprocessing = 0;
			shellPath = /bin/sh;
			shellScript = "\"${SRCROOT}/Pods/Target Support Files/Pods-LoginPage/Pods-LoginPage-frameworks.sh\"\n";
			showEnvVarsInLog = 0;
		};
		D4BAC73443EFB899D030CBA1 /* [CP] Check Pods Manifest.lock */ = {
			isa = PBXShellScriptBuildPhase;
			buildActionMask = 2147483647;
			files = (
			);
			inputPaths = (
			);
			name = "[CP] Check Pods Manifest.lock";
			outputPaths = (
			);
			runOnlyForDeploymentPostprocessing = 0;
			shellPath = /bin/sh;
			shellScript = "diff \"${PODS_PODFILE_DIR_PATH}/Podfile.lock\" \"${PODS_ROOT}/Manifest.lock\" > /dev/null\nif [ $? != 0 ] ; then\n    # print error to STDERR\n    echo \"error: The sandbox is not in sync with the Podfile.lock. Run 'pod install' or update your CocoaPods installation.\" >&2\n    exit 1\nfi\n";
			showEnvVarsInLog = 0;
		};
/* End PBXShellScriptBuildPhase section */

/* Begin PBXSourcesBuildPhase section */
		D445E1341EDBE8F1008BC942 /* Sources */ = {
			isa = PBXSourcesBuildPhase;
			buildActionMask = 2147483647;
			files = (
				D445E13E1EDBE8F1008BC942 /* ViewController.swift in Sources */,
				D445E13C1EDBE8F1008BC942 /* AppDelegate.swift in Sources */,
			);
			runOnlyForDeploymentPostprocessing = 0;
		};
/* End PBXSourcesBuildPhase section */

/* Begin PBXVariantGroup section */
		D445E13F1EDBE8F1008BC942 /* Main.storyboard */ = {
			isa = PBXVariantGroup;
			children = (
				D445E1401EDBE8F1008BC942 /* Base */,
			);
			name = Main.storyboard;
			sourceTree = "<group>";
		};
		D445E1441EDBE8F1008BC942 /* LaunchScreen.storyboard */ = {
			isa = PBXVariantGroup;
			children = (
				D445E1451EDBE8F1008BC942 /* Base */,
			);
			name = LaunchScreen.storyboard;
			sourceTree = "<group>";
		};
/* End PBXVariantGroup section */

/* Begin XCBuildConfiguration section */
		D445E1481EDBE8F1008BC942 /* Debug */ = {
			isa = XCBuildConfiguration;
			buildSettings = {
				ALWAYS_SEARCH_USER_PATHS = NO;
				CLANG_ANALYZER_NONNULL = YES;
				CLANG_ANALYZER_NUMBER_OBJECT_CONVERSION = YES_AGGRESSIVE;
				CLANG_CXX_LANGUAGE_STANDARD = "gnu++0x";
				CLANG_CXX_LIBRARY = "libc++";
				CLANG_ENABLE_MODULES = YES;
				CLANG_ENABLE_OBJC_ARC = YES;
				CLANG_WARN_BOOL_CONVERSION = YES;
				CLANG_WARN_CONSTANT_CONVERSION = YES;
				CLANG_WARN_DIRECT_OBJC_ISA_USAGE = YES_ERROR;
				CLANG_WARN_DOCUMENTATION_COMMENTS = YES;
				CLANG_WARN_EMPTY_BODY = YES;
				CLANG_WARN_ENUM_CONVERSION = YES;
				CLANG_WARN_INFINITE_RECURSION = YES;
				CLANG_WARN_INT_CONVERSION = YES;
				CLANG_WARN_OBJC_ROOT_CLASS = YES_ERROR;
				CLANG_WARN_SUSPICIOUS_MOVE = YES;
				CLANG_WARN_UNREACHABLE_CODE = YES;
				CLANG_WARN__DUPLICATE_METHOD_MATCH = YES;
				"CODE_SIGN_IDENTITY[sdk=iphoneos*]" = "iPhone Developer";
				COPY_PHASE_STRIP = NO;
				DEBUG_INFORMATION_FORMAT = dwarf;
				ENABLE_STRICT_OBJC_MSGSEND = YES;
				ENABLE_TESTABILITY = YES;
				GCC_C_LANGUAGE_STANDARD = gnu99;
				GCC_DYNAMIC_NO_PIC = NO;
				GCC_NO_COMMON_BLOCKS = YES;
				GCC_OPTIMIZATION_LEVEL = 0;
				GCC_PREPROCESSOR_DEFINITIONS = (
					"DEBUG=1",
					"$(inherited)",
				);
				GCC_WARN_64_TO_32_BIT_CONVERSION = YES;
				GCC_WARN_ABOUT_RETURN_TYPE = YES_ERROR;
				GCC_WARN_UNDECLARED_SELECTOR = YES;
				GCC_WARN_UNINITIALIZED_AUTOS = YES_AGGRESSIVE;
				GCC_WARN_UNUSED_FUNCTION = YES;
				GCC_WARN_UNUSED_VARIABLE = YES;
				IPHONEOS_DEPLOYMENT_TARGET = 10.3;
				MTL_ENABLE_DEBUG_INFO = YES;
				ONLY_ACTIVE_ARCH = YES;
				SDKROOT = iphoneos;
				SWIFT_ACTIVE_COMPILATION_CONDITIONS = DEBUG;
				SWIFT_OPTIMIZATION_LEVEL = "-Onone";
			};
			name = Debug;
		};
		D445E1491EDBE8F1008BC942 /* Release */ = {
			isa = XCBuildConfiguration;
			buildSettings = {
				ALWAYS_SEARCH_USER_PATHS = NO;
				CLANG_ANALYZER_NONNULL = YES;
				CLANG_ANALYZER_NUMBER_OBJECT_CONVERSION = YES_AGGRESSIVE;
				CLANG_CXX_LANGUAGE_STANDARD = "gnu++0x";
				CLANG_CXX_LIBRARY = "libc++";
				CLANG_ENABLE_MODULES = YES;
				CLANG_ENABLE_OBJC_ARC = YES;
				CLANG_WARN_BOOL_CONVERSION = YES;
				CLANG_WARN_CONSTANT_CONVERSION = YES;
				CLANG_WARN_DIRECT_OBJC_ISA_USAGE = YES_ERROR;
				CLANG_WARN_DOCUMENTATION_COMMENTS = YES;
				CLANG_WARN_EMPTY_BODY = YES;
				CLANG_WARN_ENUM_CONVERSION = YES;
				CLANG_WARN_INFINITE_RECURSION = YES;
				CLANG_WARN_INT_CONVERSION = YES;
				CLANG_WARN_OBJC_ROOT_CLASS = YES_ERROR;
				CLANG_WARN_SUSPICIOUS_MOVE = YES;
				CLANG_WARN_UNREACHABLE_CODE = YES;
				CLANG_WARN__DUPLICATE_METHOD_MATCH = YES;
				"CODE_SIGN_IDENTITY[sdk=iphoneos*]" = "iPhone Developer";
				COPY_PHASE_STRIP = NO;
				DEBUG_INFORMATION_FORMAT = "dwarf-with-dsym";
				ENABLE_NS_ASSERTIONS = NO;
				ENABLE_STRICT_OBJC_MSGSEND = YES;
				GCC_C_LANGUAGE_STANDARD = gnu99;
				GCC_NO_COMMON_BLOCKS = YES;
				GCC_WARN_64_TO_32_BIT_CONVERSION = YES;
				GCC_WARN_ABOUT_RETURN_TYPE = YES_ERROR;
				GCC_WARN_UNDECLARED_SELECTOR = YES;
				GCC_WARN_UNINITIALIZED_AUTOS = YES_AGGRESSIVE;
				GCC_WARN_UNUSED_FUNCTION = YES;
				GCC_WARN_UNUSED_VARIABLE = YES;
				IPHONEOS_DEPLOYMENT_TARGET = 10.3;
				MTL_ENABLE_DEBUG_INFO = NO;
				SDKROOT = iphoneos;
				SWIFT_OPTIMIZATION_LEVEL = "-Owholemodule";
				VALIDATE_PRODUCT = YES;
			};
			name = Release;
		};
		D445E14B1EDBE8F1008BC942 /* Debug */ = {
			isa = XCBuildConfiguration;
			baseConfigurationReference = 947CDDA7F707DF84B6DB4874 /* Pods-LoginPage.debug.xcconfig */;
			buildSettings = {
				ASSETCATALOG_COMPILER_APPICON_NAME = AppIcon;
				DEVELOPMENT_TEAM = 4MYHUYPTLJ;
				INFOPLIST_FILE = LoginPage/Info.plist;
				LD_RUNPATH_SEARCH_PATHS = "$(inherited) @executable_path/Frameworks";
				PRODUCT_BUNDLE_IDENTIFIER = com.pixabitinfotech.LoginPage;
				PRODUCT_NAME = "$(TARGET_NAME)";
				SWIFT_VERSION = 3.0;
			};
			name = Debug;
		};
		D445E14C1EDBE8F1008BC942 /* Release */ = {
			isa = XCBuildConfiguration;
			baseConfigurationReference = 6FE6F8D3D71D7983683A8C20 /* Pods-LoginPage.release.xcconfig */;
			buildSettings = {
				ASSETCATALOG_COMPILER_APPICON_NAME = AppIcon;
				DEVELOPMENT_TEAM = 4MYHUYPTLJ;
				INFOPLIST_FILE = LoginPage/Info.plist;
				LD_RUNPATH_SEARCH_PATHS = "$(inherited) @executable_path/Frameworks";
				PRODUCT_BUNDLE_IDENTIFIER = com.pixabitinfotech.LoginPage;
				PRODUCT_NAME = "$(TARGET_NAME)";
				SWIFT_VERSION = 3.0;
			};
			name = Release;
		};
/* End XCBuildConfiguration section */

/* Begin XCConfigurationList section */
		D445E1331EDBE8F1008BC942 /* Build configuration list for PBXProject "LoginPage" */ = {
			isa = XCConfigurationList;
			buildConfigurations = (
				D445E1481EDBE8F1008BC942 /* Debug */,
				D445E1491EDBE8F1008BC942 /* Release */,
			);
			defaultConfigurationIsVisible = 0;
			defaultConfigurationName = Release;
		};
		D445E14A1EDBE8F1008BC942 /* Build configuration list for PBXNativeTarget "LoginPage" */ = {
			isa = XCConfigurationList;
			buildConfigurations = (
				D445E14B1EDBE8F1008BC942 /* Debug */,
				D445E14C1EDBE8F1008BC942 /* Release */,
			);
			defaultConfigurationIsVisible = 0;
		};
/* End XCConfigurationList section */
	};
	rootObject = D445E1301EDBE8F1008BC942 /* Project object */;
}
